
Microsoft Visual Studio Solution File, Format Version 12.00
# Visual Studio Version 17
VisualStudioVersion = 17.7.34018.315
MinimumVisualStudioVersion = 10.0.40219.1
Project("{FAE04EC0-301F-11D3-BF4B-00C04F79EFBC}") = "BinaryConverter", "BinaryConverter.csproj", "{BBBB6E66-C72D-4F24-9BD0-47B568415779}"
EndProject
Global
	GlobalSection(SolutionConfigurationPlatforms) = preSolution
		Debug|Any CPU = Debug|Any CPU
		Release|Any CPU = Release|Any CPU
	EndGlobalSection
	GlobalSection(ProjectConfigurationPlatforms) = postSolution
		{BBBB6E66-C72D-4F24-9BD0-47B568415779}.Debug|Any CPU.ActiveCfg = Debug|Any CPU
		{BBBB6E66-C72D-4F24-9BD0-47B568415779}.Debug|Any CPU.Build.0 = Debug|Any CPU
		{BBBB6E66-C72D-4F24-9BD0-47B568415779}.Release|Any CPU.ActiveCfg = Release|Any CPU
		{BBBB6E66-C72D-4F24-9BD0-47B568415779}.Release|Any CPU.Build.0 = Release|Any CPU
	EndGlobalSection
	GlobalSection(SolutionProperties) = preSolution
		HideSolutionNode = FALSE
	EndGlobalSection
	GlobalSection(ExtensibilityGlobals) = postSolution
		SolutionGuid = {DAD4480E-88C5-4A46-9F7B-C74B01D9D2D3}
	EndGlobalSection
EndGlobal
